// !$*UTF8*$!
{
	archiveVersion = 1;
	classes = {
	};
	objectVersion = 56;
	objects = {

/* Begin PBXBuildFile section */
		B34190712CB45D2D00BDCCD3 /* SegmentedControl.swift in Sources */ = {isa = PBXBuildFile; fileRef = B34190702CB45D2D00BDCCD3 /* SegmentedControl.swift */; };
		B3707A732CBC71BD003CC6A7 /* ForecastModel.swift in Sources */ = {isa = PBXBuildFile; fileRef = B3707A722CBC71BD003CC6A7 /* ForecastModel.swift */; };
		B3707A752CBC7206003CC6A7 /* ForecastCard.swift in Sources */ = {isa = PBXBuildFile; fileRef = B3707A742CBC7206003CC6A7 /* ForecastCard.swift */; };
		B3707A772CBD6B6B003CC6A7 /* NavigationBar.swift in Sources */ = {isa = PBXBuildFile; fileRef = B3707A762CBD6B6B003CC6A7 /* NavigationBar.swift */; };
		B3707A792CBD6E51003CC6A7 /* WeatherView.swift in Sources */ = {isa = PBXBuildFile; fileRef = B3707A782CBD6E51003CC6A7 /* WeatherView.swift */; };
		B3707A7B2CBD6F67003CC6A7 /* WeatherWidget.swift in Sources */ = {isa = PBXBuildFile; fileRef = B3707A7A2CBD6F67003CC6A7 /* WeatherWidget.swift */; };
		B3C1CB792CA7553700CEC5AA /* WeatherAppApp.swift in Sources */ = {isa = PBXBuildFile; fileRef = B3C1CB782CA7553700CEC5AA /* WeatherAppApp.swift */; };
		B3C1CB7B2CA7553700CEC5AA /* ContentView.swift in Sources */ = {isa = PBXBuildFile; fileRef = B3C1CB7A2CA7553700CEC5AA /* ContentView.swift */; };
		B3C1CB7D2CA7553A00CEC5AA /* Assets.xcassets in Resources */ = {isa = PBXBuildFile; fileRef = B3C1CB7C2CA7553A00CEC5AA /* Assets.xcassets */; };
		B3C1CB802CA7553A00CEC5AA /* Preview Assets.xcassets in Resources */ = {isa = PBXBuildFile; fileRef = B3C1CB7F2CA7553A00CEC5AA /* Preview Assets.xcassets */; };
		B3C1CB8E2CA7579400CEC5AA /* Extensions.swift in Sources */ = {isa = PBXBuildFile; fileRef = B3C1CB8D2CA7579400CEC5AA /* Extensions.swift */; };
		B3C1CB922CA75BD800CEC5AA /* HomeView.swift in Sources */ = {isa = PBXBuildFile; fileRef = B3C1CB912CA75BD800CEC5AA /* HomeView.swift */; };
		B3C1CB942CAC4BD500CEC5AA /* TabBar.swift in Sources */ = {isa = PBXBuildFile; fileRef = B3C1CB932CAC4BD500CEC5AA /* TabBar.swift */; };
		B3C1CB962CAC539700CEC5AA /* Shapes.swift in Sources */ = {isa = PBXBuildFile; fileRef = B3C1CB952CAC539700CEC5AA /* Shapes.swift */; };
		B3C1CB992CACAC8900CEC5AA /* BottomSheet in Frameworks */ = {isa = PBXBuildFile; productRef = B3C1CB982CACAC8900CEC5AA /* BottomSheet */; };
		B3C1CB9B2CACB25A00CEC5AA /* ForecastView.swift in Sources */ = {isa = PBXBuildFile; fileRef = B3C1CB9A2CACB25A00CEC5AA /* ForecastView.swift */; };
		B3C1CB9D2CACC04B00CEC5AA /* Blur.swift in Sources */ = {isa = PBXBuildFile; fileRef = B3C1CB9C2CACC04B00CEC5AA /* Blur.swift */; };
/* End PBXBuildFile section */

/* Begin PBXFileReference section */
		B34190702CB45D2D00BDCCD3 /* SegmentedControl.swift */ = {isa = PBXFileReference; lastKnownFileType = sourcecode.swift; path = SegmentedControl.swift; sourceTree = "<group>"; };
		B3707A722CBC71BD003CC6A7 /* ForecastModel.swift */ = {isa = PBXFileReference; lastKnownFileType = sourcecode.swift; path = ForecastModel.swift; sourceTree = "<group>"; };
		B3707A742CBC7206003CC6A7 /* ForecastCard.swift */ = {isa = PBXFileReference; lastKnownFileType = sourcecode.swift; path = ForecastCard.swift; sourceTree = "<group>"; };
		B3707A762CBD6B6B003CC6A7 /* NavigationBar.swift */ = {isa = PBXFileReference; lastKnownFileType = sourcecode.swift; path = NavigationBar.swift; sourceTree = "<group>"; };
		B3707A782CBD6E51003CC6A7 /* WeatherView.swift */ = {isa = PBXFileReference; lastKnownFileType = sourcecode.swift; path = WeatherView.swift; sourceTree = "<group>"; };
		B3707A7A2CBD6F67003CC6A7 /* WeatherWidget.swift */ = {isa = PBXFileReference; lastKnownFileType = sourcecode.swift; path = WeatherWidget.swift; sourceTree = "<group>"; };
		B3C1CB752CA7553700CEC5AA /* WeatherApp.app */ = {isa = PBXFileReference; explicitFileType = wrapper.application; includeInIndex = 0; path = WeatherApp.app; sourceTree = BUILT_PRODUCTS_DIR; };
		B3C1CB782CA7553700CEC5AA /* WeatherAppApp.swift */ = {isa = PBXFileReference; lastKnownFileType = sourcecode.swift; path = WeatherAppApp.swift; sourceTree = "<group>"; };
		B3C1CB7A2CA7553700CEC5AA /* ContentView.swift */ = {isa = PBXFileReference; lastKnownFileType = sourcecode.swift; path = ContentView.swift; sourceTree = "<group>"; };
		B3C1CB7C2CA7553A00CEC5AA /* Assets.xcassets */ = {isa = PBXFileReference; lastKnownFileType = folder.assetcatalog; path = Assets.xcassets; sourceTree = "<group>"; };
		B3C1CB7F2CA7553A00CEC5AA /* Preview Assets.xcassets */ = {isa = PBXFileReference; lastKnownFileType = folder.assetcatalog; path = "Preview Assets.xcassets"; sourceTree = "<group>"; };
		B3C1CB8D2CA7579400CEC5AA /* Extensions.swift */ = {isa = PBXFileReference; lastKnownFileType = sourcecode.swift; path = Extensions.swift; sourceTree = "<group>"; };
		B3C1CB912CA75BD800CEC5AA /* HomeView.swift */ = {isa = PBXFileReference; lastKnownFileType = sourcecode.swift; path = HomeView.swift; sourceTree = "<group>"; };
		B3C1CB932CAC4BD500CEC5AA /* TabBar.swift */ = {isa = PBXFileReference; lastKnownFileType = sourcecode.swift; path = TabBar.swift; sourceTree = "<group>"; };
		B3C1CB952CAC539700CEC5AA /* Shapes.swift */ = {isa = PBXFileReference; lastKnownFileType = sourcecode.swift; path = Shapes.swift; sourceTree = "<group>"; };
		B3C1CB9A2CACB25A00CEC5AA /* ForecastView.swift */ = {isa = PBXFileReference; lastKnownFileType = sourcecode.swift; path = ForecastView.swift; sourceTree = "<group>"; };
		B3C1CB9C2CACC04B00CEC5AA /* Blur.swift */ = {isa = PBXFileReference; lastKnownFileType = sourcecode.swift; path = Blur.swift; sourceTree = "<group>"; };
/* End PBXFileReference section */

/* Begin PBXFrameworksBuildPhase section */
		B3C1CB722CA7553700CEC5AA /* Frameworks */ = {
			isa = PBXFrameworksBuildPhase;
			buildActionMask = 2147483647;
			files = (
				B3C1CB992CACAC8900CEC5AA /* BottomSheet in Frameworks */,
			);
			runOnlyForDeploymentPostprocessing = 0;
		};
/* End PBXFrameworksBuildPhase section */

/* Begin PBXGroup section */
		B3C1CB6C2CA7553700CEC5AA = {
			isa = PBXGroup;
			children = (
				B3C1CB772CA7553700CEC5AA /* WeatherApp */,
				B3C1CB762CA7553700CEC5AA /* Products */,
			);
			sourceTree = "<group>";
		};
		B3C1CB762CA7553700CEC5AA /* Products */ = {
			isa = PBXGroup;
			children = (
				B3C1CB752CA7553700CEC5AA /* WeatherApp.app */,
			);
			name = Products;
			sourceTree = "<group>";
		};
		B3C1CB772CA7553700CEC5AA /* WeatherApp */ = {
			isa = PBXGroup;
			children = (
				B3C1CB862CA756EF00CEC5AA /* Views */,
				B3C1CB872CA7570500CEC5AA /* Models */,
				B3C1CB882CA7571700CEC5AA /* Utils */,
				B3C1CB782CA7553700CEC5AA /* WeatherAppApp.swift */,
				B3C1CB7C2CA7553A00CEC5AA /* Assets.xcassets */,
				B3C1CB7E2CA7553A00CEC5AA /* Preview Content */,
			);
			path = WeatherApp;
			sourceTree = "<group>";
		};
		B3C1CB7E2CA7553A00CEC5AA /* Preview Content */ = {
			isa = PBXGroup;
			children = (
				B3C1CB7F2CA7553A00CEC5AA /* Preview Assets.xcassets */,
			);
			path = "Preview Content";
			sourceTree = "<group>";
		};
		B3C1CB862CA756EF00CEC5AA /* Views */ = {
			isa = PBXGroup;
			children = (
				B3C1CB892CA7572F00CEC5AA /* Main */,
				B3C1CB8C2CA7574A00CEC5AA /* Components */,
				B3C1CB8B2CA7574300CEC5AA /* Detail */,
				B3C1CB8A2CA7573900CEC5AA /* Navigation */,
			);
			path = Views;
			sourceTree = "<group>";
		};
		B3C1CB872CA7570500CEC5AA /* Models */ = {
			isa = PBXGroup;
			children = (
				B3707A722CBC71BD003CC6A7 /* ForecastModel.swift */,
			);
			path = Models;
			sourceTree = "<group>";
		};
		B3C1CB882CA7571700CEC5AA /* Utils */ = {
			isa = PBXGroup;
			children = (
				B3C1CB8D2CA7579400CEC5AA /* Extensions.swift */,
				B3C1CB952CAC539700CEC5AA /* Shapes.swift */,
			);
			path = Utils;
			sourceTree = "<group>";
		};
		B3C1CB892CA7572F00CEC5AA /* Main */ = {
			isa = PBXGroup;
			children = (
				B3C1CB7A2CA7553700CEC5AA /* ContentView.swift */,
				B3C1CB912CA75BD800CEC5AA /* HomeView.swift */,
			);
			path = Main;
			sourceTree = "<group>";
		};
		B3C1CB8A2CA7573900CEC5AA /* Navigation */ = {
			isa = PBXGroup;
			children = (
				B3C1CB932CAC4BD500CEC5AA /* TabBar.swift */,
				B3707A762CBD6B6B003CC6A7 /* NavigationBar.swift */,
			);
			path = Navigation;
			sourceTree = "<group>";
		};
		B3C1CB8B2CA7574300CEC5AA /* Detail */ = {
			isa = PBXGroup;
			children = (
				B3C1CB9A2CACB25A00CEC5AA /* ForecastView.swift */,
				B3707A782CBD6E51003CC6A7 /* WeatherView.swift */,
			);
			path = Detail;
			sourceTree = "<group>";
		};
		B3C1CB8C2CA7574A00CEC5AA /* Components */ = {
			isa = PBXGroup;
			children = (
				B3C1CB9C2CACC04B00CEC5AA /* Blur.swift */,
				B34190702CB45D2D00BDCCD3 /* SegmentedControl.swift */,
				B3707A742CBC7206003CC6A7 /* ForecastCard.swift */,
				B3707A7A2CBD6F67003CC6A7 /* WeatherWidget.swift */,
			);
			path = Components;
			sourceTree = "<group>";
		};
/* End PBXGroup section */

/* Begin PBXNativeTarget section */
		B3C1CB742CA7553700CEC5AA /* WeatherApp */ = {
			isa = PBXNativeTarget;
			buildConfigurationList = B3C1CB832CA7553A00CEC5AA /* Build configuration list for PBXNativeTarget "WeatherApp" */;
			buildPhases = (
				B3C1CB712CA7553700CEC5AA /* Sources */,
				B3C1CB722CA7553700CEC5AA /* Frameworks */,
				B3C1CB732CA7553700CEC5AA /* Resources */,
			);
			buildRules = (
			);
			dependencies = (
			);
			name = WeatherApp;
			packageProductDependencies = (
				B3C1CB982CACAC8900CEC5AA /* BottomSheet */,
			);
			productName = WeatherApp;
			productReference = B3C1CB752CA7553700CEC5AA /* WeatherApp.app */;
			productType = "com.apple.product-type.application";
		};
/* End PBXNativeTarget section */

/* Begin PBXProject section */
		B3C1CB6D2CA7553700CEC5AA /* Project object */ = {
			isa = PBXProject;
			attributes = {
				BuildIndependentTargetsInParallel = 1;
				LastSwiftUpdateCheck = 1540;
				LastUpgradeCheck = 1540;
				TargetAttributes = {
					B3C1CB742CA7553700CEC5AA = {
						CreatedOnToolsVersion = 15.4;
					};
				};
			};
			buildConfigurationList = B3C1CB702CA7553700CEC5AA /* Build configuration list for PBXProject "WeatherApp" */;
			compatibilityVersion = "Xcode 14.0";
			developmentRegion = en;
			hasScannedForEncodings = 0;
			knownRegions = (
				en,
				Base,
			);
			mainGroup = B3C1CB6C2CA7553700CEC5AA;
			packageReferences = (
				B3C1CB972CACAC8800CEC5AA /* XCRemoteSwiftPackageReference "BottomSheet" */,
			);
			productRefGroup = B3C1CB762CA7553700CEC5AA /* Products */;
			projectDirPath = "";
			projectRoot = "";
			targets = (
				B3C1CB742CA7553700CEC5AA /* WeatherApp */,
			);
		};
/* End PBXProject section */

/* Begin PBXResourcesBuildPhase section */
		B3C1CB732CA7553700CEC5AA /* Resources */ = {
			isa = PBXResourcesBuildPhase;
			buildActionMask = 2147483647;
			files = (
				B3C1CB802CA7553A00CEC5AA /* Preview Assets.xcassets in Resources */,
				B3C1CB7D2CA7553A00CEC5AA /* Assets.xcassets in Resources */,
			);
			runOnlyForDeploymentPostprocessing = 0;
		};
/* End PBXResourcesBuildPhase section */

/* Begin PBXSourcesBuildPhase section */
		B3C1CB712CA7553700CEC5AA /* Sources */ = {
			isa = PBXSourcesBuildPhase;
			buildActionMask = 2147483647;
			files = (
				B3707A7B2CBD6F67003CC6A7 /* WeatherWidget.swift in Sources */,
				B3707A752CBC7206003CC6A7 /* ForecastCard.swift in Sources */,
				B3C1CB7B2CA7553700CEC5AA /* ContentView.swift in Sources */,
				B34190712CB45D2D00BDCCD3 /* SegmentedControl.swift in Sources */,
				B3C1CB922CA75BD800CEC5AA /* HomeView.swift in Sources */,
				B3C1CB9D2CACC04B00CEC5AA /* Blur.swift in Sources */,
				B3707A792CBD6E51003CC6A7 /* WeatherView.swift in Sources */,
				B3C1CB8E2CA7579400CEC5AA /* Extensions.swift in Sources */,
				B3C1CB792CA7553700CEC5AA /* WeatherAppApp.swift in Sources */,
				B3C1CB9B2CACB25A00CEC5AA /* ForecastView.swift in Sources */,
				B3C1CB942CAC4BD500CEC5AA /* TabBar.swift in Sources */,
				B3707A732CBC71BD003CC6A7 /* ForecastModel.swift in Sources */,
				B3C1CB962CAC539700CEC5AA /* Shapes.swift in Sources */,
				B3707A772CBD6B6B003CC6A7 /* NavigationBar.swift in Sources */,
			);
			runOnlyForDeploymentPostprocessing = 0;
		};
/* End PBXSourcesBuildPhase section */

/* Begin XCBuildConfiguration section */
		B3C1CB812CA7553A00CEC5AA /* Debug */ = {
			isa = XCBuildConfiguration;
			buildSettings = {
				ALWAYS_SEARCH_USER_PATHS = NO;
				ASSETCATALOG_COMPILER_GENERATE_SWIFT_ASSET_SYMBOL_EXTENSIONS = YES;
				CLANG_ANALYZER_NONNULL = YES;
				CLANG_ANALYZER_NUMBER_OBJECT_CONVERSION = YES_AGGRESSIVE;
				CLANG_CXX_LANGUAGE_STANDARD = "gnu++20";
				CLANG_ENABLE_MODULES = YES;
				CLANG_ENABLE_OBJC_ARC = YES;
				CLANG_ENABLE_OBJC_WEAK = YES;
				CLANG_WARN_BLOCK_CAPTURE_AUTORELEASING = YES;
				CLANG_WARN_BOOL_CONVERSION = YES;
				CLANG_WARN_COMMA = YES;
				CLANG_WARN_CONSTANT_CONVERSION = YES;
				CLANG_WARN_DEPRECATED_OBJC_IMPLEMENTATIONS = YES;
				CLANG_WARN_DIRECT_OBJC_ISA_USAGE = YES_ERROR;
				CLANG_WARN_DOCUMENTATION_COMMENTS = YES;
				CLANG_WARN_EMPTY_BODY = YES;
				CLANG_WARN_ENUM_CONVERSION = YES;
				CLANG_WARN_INFINITE_RECURSION = YES;
				CLANG_WARN_INT_CONVERSION = YES;
				CLANG_WARN_NON_LITERAL_NULL_CONVERSION = YES;
				CLANG_WARN_OBJC_IMPLICIT_RETAIN_SELF = YES;
				CLANG_WARN_OBJC_LITERAL_CONVERSION = YES;
				CLANG_WARN_OBJC_ROOT_CLASS = YES_ERROR;
				CLANG_WARN_QUOTED_INCLUDE_IN_FRAMEWORK_HEADER = YES;
				CLANG_WARN_RANGE_LOOP_ANALYSIS = YES;
				CLANG_WARN_STRICT_PROTOTYPES = YES;
				CLANG_WARN_SUSPICIOUS_MOVE = YES;
				CLANG_WARN_UNGUARDED_AVAILABILITY = YES_AGGRESSIVE;
				CLANG_WARN_UNREACHABLE_CODE = YES;
				CLANG_WARN__DUPLICATE_METHOD_MATCH = YES;
				COPY_PHASE_STRIP = NO;
				DEBUG_INFORMATION_FORMAT = dwarf;
				ENABLE_STRICT_OBJC_MSGSEND = YES;
				ENABLE_TESTABILITY = YES;
				ENABLE_USER_SCRIPT_SANDBOXING = YES;
				GCC_C_LANGUAGE_STANDARD = gnu17;
				GCC_DYNAMIC_NO_PIC = NO;
				GCC_NO_COMMON_BLOCKS = YES;
				GCC_OPTIMIZATION_LEVEL = 0;
				GCC_PREPROCESSOR_DEFINITIONS = (
					"DEBUG=1",
					"$(inherited)",
				);
				GCC_WARN_64_TO_32_BIT_CONVERSION = YES;
				GCC_WARN_ABOUT_RETURN_TYPE = YES_ERROR;
				GCC_WARN_UNDECLARED_SELECTOR = YES;
				GCC_WARN_UNINITIALIZED_AUTOS = YES_AGGRESSIVE;
				GCC_WARN_UNUSED_FUNCTION = YES;
				GCC_WARN_UNUSED_VARIABLE = YES;
				IPHONEOS_DEPLOYMENT_TARGET = 17.5;
				LOCALIZATION_PREFERS_STRING_CATALOGS = YES;
				MTL_ENABLE_DEBUG_INFO = INCLUDE_SOURCE;
				MTL_FAST_MATH = YES;
				ONLY_ACTIVE_ARCH = YES;
				SDKROOT = iphoneos;
				SWIFT_ACTIVE_COMPILATION_CONDITIONS = "DEBUG $(inherited)";
				SWIFT_OPTIMIZATION_LEVEL = "-Onone";
			};
			name = Debug;
		};
		B3C1CB822CA7553A00CEC5AA /* Release */ = {
			isa = XCBuildConfiguration;
			buildSettings = {
				ALWAYS_SEARCH_USER_PATHS = NO;
				ASSETCATALOG_COMPILER_GENERATE_SWIFT_ASSET_SYMBOL_EXTENSIONS = YES;
				CLANG_ANALYZER_NONNULL = YES;
				CLANG_ANALYZER_NUMBER_OBJECT_CONVERSION = YES_AGGRESSIVE;
				CLANG_CXX_LANGUAGE_STANDARD = "gnu++20";
				CLANG_ENABLE_MODULES = YES;
				CLANG_ENABLE_OBJC_ARC = YES;
				CLANG_ENABLE_OBJC_WEAK = YES;
				CLANG_WARN_BLOCK_CAPTURE_AUTORELEASING = YES;
				CLANG_WARN_BOOL_CONVERSION = YES;
				CLANG_WARN_COMMA = YES;
				CLANG_WARN_CONSTANT_CONVERSION = YES;
				CLANG_WARN_DEPRECATED_OBJC_IMPLEMENTATIONS = YES;
				CLANG_WARN_DIRECT_OBJC_ISA_USAGE = YES_ERROR;
				CLANG_WARN_DOCUMENTATION_COMMENTS = YES;
				CLANG_WARN_EMPTY_BODY = YES;
				CLANG_WARN_ENUM_CONVERSION = YES;
				CLANG_WARN_INFINITE_RECURSION = YES;
				CLANG_WARN_INT_CONVERSION = YES;
				CLANG_WARN_NON_LITERAL_NULL_CONVERSION = YES;
				CLANG_WARN_OBJC_IMPLICIT_RETAIN_SELF = YES;
				CLANG_WARN_OBJC_LITERAL_CONVERSION = YES;
				CLANG_WARN_OBJC_ROOT_CLASS = YES_ERROR;
				CLANG_WARN_QUOTED_INCLUDE_IN_FRAMEWORK_HEADER = YES;
				CLANG_WARN_RANGE_LOOP_ANALYSIS = YES;
				CLANG_WARN_STRICT_PROTOTYPES = YES;
				CLANG_WARN_SUSPICIOUS_MOVE = YES;
				CLANG_WARN_UNGUARDED_AVAILABILITY = YES_AGGRESSIVE;
				CLANG_WARN_UNREACHABLE_CODE = YES;
				CLANG_WARN__DUPLICATE_METHOD_MATCH = YES;
				COPY_PHASE_STRIP = NO;
				DEBUG_INFORMATION_FORMAT = "dwarf-with-dsym";
				ENABLE_NS_ASSERTIONS = NO;
				ENABLE_STRICT_OBJC_MSGSEND = YES;
				ENABLE_USER_SCRIPT_SANDBOXING = YES;
				GCC_C_LANGUAGE_STANDARD = gnu17;
				GCC_NO_COMMON_BLOCKS = YES;
				GCC_WARN_64_TO_32_BIT_CONVERSION = YES;
				GCC_WARN_ABOUT_RETURN_TYPE = YES_ERROR;
				GCC_WARN_UNDECLARED_SELECTOR = YES;
				GCC_WARN_UNINITIALIZED_AUTOS = YES_AGGRESSIVE;
				GCC_WARN_UNUSED_FUNCTION = YES;
				GCC_WARN_UNUSED_VARIABLE = YES;
				IPHONEOS_DEPLOYMENT_TARGET = 17.5;
				LOCALIZATION_PREFERS_STRING_CATALOGS = YES;
				MTL_ENABLE_DEBUG_INFO = NO;
				MTL_FAST_MATH = YES;
				SDKROOT = iphoneos;
				SWIFT_COMPILATION_MODE = wholemodule;
				VALIDATE_PRODUCT = YES;
			};
			name = Release;
		};
		B3C1CB842CA7553A00CEC5AA /* Debug */ = {
			isa = XCBuildConfiguration;
			buildSettings = {
				ASSETCATALOG_COMPILER_APPICON_NAME = AppIcon;
				ASSETCATALOG_COMPILER_GLOBAL_ACCENT_COLOR_NAME = AccentColor;
				CODE_SIGN_STYLE = Automatic;
				CURRENT_PROJECT_VERSION = 1;
				DEVELOPMENT_ASSET_PATHS = "\"WeatherApp/Preview Content\"";
				DEVELOPMENT_TEAM = 7J2Z5HR7RB;
				ENABLE_PREVIEWS = YES;
				GENERATE_INFOPLIST_FILE = YES;
				INFOPLIST_KEY_UIApplicationSceneManifest_Generation = YES;
				INFOPLIST_KEY_UIApplicationSupportsIndirectInputEvents = YES;
				INFOPLIST_KEY_UILaunchScreen_Generation = YES;
				INFOPLIST_KEY_UISupportedInterfaceOrientations_iPad = "UIInterfaceOrientationPortrait UIInterfaceOrientationPortraitUpsideDown UIInterfaceOrientationLandscapeLeft UIInterfaceOrientationLandscapeRight";
				INFOPLIST_KEY_UISupportedInterfaceOrientations_iPhone = "UIInterfaceOrientationPortrait UIInterfaceOrientationLandscapeLeft UIInterfaceOrientationLandscapeRight";
				LD_RUNPATH_SEARCH_PATHS = (
					"$(inherited)",
					"@executable_path/Frameworks",
				);
				MARKETING_VERSION = 1.0;
				PRODUCT_BUNDLE_IDENTIFIER = Kaya.WeatherApp;
				PRODUCT_NAME = "$(TARGET_NAME)";
				SWIFT_EMIT_LOC_STRINGS = YES;
				SWIFT_VERSION = 5.0;
				TARGETED_DEVICE_FAMILY = "1,2";
			};
			name = Debug;
		};
		B3C1CB852CA7553A00CEC5AA /* Release */ = {
			isa = XCBuildConfiguration;
			buildSettings = {
				ASSETCATALOG_COMPILER_APPICON_NAME = AppIcon;
				ASSETCATALOG_COMPILER_GLOBAL_ACCENT_COLOR_NAME = AccentColor;
				CODE_SIGN_STYLE = Automatic;
				CURRENT_PROJECT_VERSION = 1;
				DEVELOPMENT_ASSET_PATHS = "\"WeatherApp/Preview Content\"";
				DEVELOPMENT_TEAM = 7J2Z5HR7RB;
				ENABLE_PREVIEWS = YES;
				GENERATE_INFOPLIST_FILE = YES;
				INFOPLIST_KEY_UIApplicationSceneManifest_Generation = YES;
				INFOPLIST_KEY_UIApplicationSupportsIndirectInputEvents = YES;
				INFOPLIST_KEY_UILaunchScreen_Generation = YES;
				INFOPLIST_KEY_UISupportedInterfaceOrientations_iPad = "UIInterfaceOrientationPortrait UIInterfaceOrientationPortraitUpsideDown UIInterfaceOrientationLandscapeLeft UIInterfaceOrientationLandscapeRight";
				INFOPLIST_KEY_UISupportedInterfaceOrientations_iPhone = "UIInterfaceOrientationPortrait UIInterfaceOrientationLandscapeLeft UIInterfaceOrientationLandscapeRight";
				LD_RUNPATH_SEARCH_PATHS = (
					"$(inherited)",
					"@executable_path/Frameworks",
				);
				MARKETING_VERSION = 1.0;
				PRODUCT_BUNDLE_IDENTIFIER = Kaya.WeatherApp;
				PRODUCT_NAME = "$(TARGET_NAME)";
				SWIFT_EMIT_LOC_STRINGS = YES;
				SWIFT_VERSION = 5.0;
				TARGETED_DEVICE_FAMILY = "1,2";
			};
			name = Release;
		};
/* End XCBuildConfiguration section */

/* Begin XCConfigurationList section */
		B3C1CB702CA7553700CEC5AA /* Build configuration list for PBXProject "WeatherApp" */ = {
			isa = XCConfigurationList;
			buildConfigurations = (
				B3C1CB812CA7553A00CEC5AA /* Debug */,
				B3C1CB822CA7553A00CEC5AA /* Release */,
			);
			defaultConfigurationIsVisible = 0;
			defaultConfigurationName = Release;
		};
		B3C1CB832CA7553A00CEC5AA /* Build configuration list for PBXNativeTarget "WeatherApp" */ = {
			isa = XCConfigurationList;
			buildConfigurations = (
				B3C1CB842CA7553A00CEC5AA /* Debug */,
				B3C1CB852CA7553A00CEC5AA /* Release */,
			);
			defaultConfigurationIsVisible = 0;
			defaultConfigurationName = Release;
		};
/* End XCConfigurationList section */

/* Begin XCRemoteSwiftPackageReference section */
		B3C1CB972CACAC8800CEC5AA /* XCRemoteSwiftPackageReference "BottomSheet" */ = {
			isa = XCRemoteSwiftPackageReference;
			repositoryURL = "https://github.com/Wouter125/BottomSheet";
			requirement = {
				branch = main;
				kind = branch;
			};
		};
/* End XCRemoteSwiftPackageReference section */

/* Begin XCSwiftPackageProductDependency section */
		B3C1CB982CACAC8900CEC5AA /* BottomSheet */ = {
			isa = XCSwiftPackageProductDependency;
			package = B3C1CB972CACAC8800CEC5AA /* XCRemoteSwiftPackageReference "BottomSheet" */;
			productName = BottomSheet;
		};
/* End XCSwiftPackageProductDependency section */
	};
	rootObject = B3C1CB6D2CA7553700CEC5AA /* Project object */;
}
